
Microsoft Visual Studio Solution File, Format Version 12.00
# Visual Studio Version 17
VisualStudioVersion = 17.0.31903.59
MinimumVisualStudioVersion = 10.0.40219.1
Project("{FAE04EC0-301F-11D3-BF4B-00C04F79EFBC}") = "LoveFinder_2.Android", "LoveFinder_2\LoveFinder_2.Android\LoveFinder_2.Android.csproj", "{1BCB0D90-911C-442B-9140-6A931EAD6BA2}"
EndProject
Project("{FAE04EC0-301F-11D3-BF4B-00C04F79EFBC}") = "LoveFinder_2.iOS", "LoveFinder_2\LoveFinder_2.iOS\LoveFinder_2.iOS.csproj", "{DB904C84-1AFA-421B-B0BE-2F30498E6A1F}"
EndProject
Project("{FAE04EC0-301F-11D3-BF4B-00C04F79EFBC}") = "LoveFinder_2", "LoveFinder_2\LoveFinder_2\LoveFinder_2.csproj", "{83E806ED-912E-416C-B687-03D88B02A72E}"
EndProject
Global
	GlobalSection(SolutionConfigurationPlatforms) = preSolution
		Debug|Any CPU = Debug|Any CPU
		Debug|iPhone = Debug|iPhone
		Debug|iPhoneSimulator = Debug|iPhoneSimulator
		Release|Any CPU = Release|Any CPU
		Release|iPhone = Release|iPhone
		Release|iPhoneSimulator = Release|iPhoneSimulator
	EndGlobalSection
	GlobalSection(ProjectConfigurationPlatforms) = postSolution
		{1BCB0D90-911C-442B-9140-6A931EAD6BA2}.Debug|Any CPU.ActiveCfg = Debug|Any CPU
		{1BCB0D90-911C-442B-9140-6A931EAD6BA2}.Debug|Any CPU.Build.0 = Debug|Any CPU
		{1BCB0D90-911C-442B-9140-6A931EAD6BA2}.Debug|Any CPU.Deploy.0 = Debug|Any CPU
		{1BCB0D90-911C-442B-9140-6A931EAD6BA2}.Debug|iPhone.ActiveCfg = Debug|Any CPU
		{1BCB0D90-911C-442B-9140-6A931EAD6BA2}.Debug|iPhone.Build.0 = Debug|Any CPU
		{1BCB0D90-911C-442B-9140-6A931EAD6BA2}.Debug|iPhone.Deploy.0 = Debug|Any CPU
		{1BCB0D90-911C-442B-9140-6A931EAD6BA2}.Debug|iPhoneSimulator.ActiveCfg = Debug|Any CPU
		{1BCB0D90-911C-442B-9140-6A931EAD6BA2}.Debug|iPhoneSimulator.Build.0 = Debug|Any CPU
		{1BCB0D90-911C-442B-9140-6A931EAD6BA2}.Debug|iPhoneSimulator.Deploy.0 = Debug|Any CPU
		{1BCB0D90-911C-442B-9140-6A931EAD6BA2}.Release|Any CPU.ActiveCfg = Release|Any CPU
		{1BCB0D90-911C-442B-9140-6A931EAD6BA2}.Release|Any CPU.Build.0 = Release|Any CPU
		{1BCB0D90-911C-442B-9140-6A931EAD6BA2}.Release|Any CPU.Deploy.0 = Release|Any CPU
		{1BCB0D90-911C-442B-9140-6A931EAD6BA2}.Release|iPhone.ActiveCfg = Release|Any CPU
		{1BCB0D90-911C-442B-9140-6A931EAD6BA2}.Release|iPhone.Build.0 = Release|Any CPU
		{1BCB0D90-911C-442B-9140-6A931EAD6BA2}.Release|iPhone.Deploy.0 = Release|Any CPU
		{1BCB0D90-911C-442B-9140-6A931EAD6BA2}.Release|iPhoneSimulator.ActiveCfg = Release|Any CPU
		{1BCB0D90-911C-442B-9140-6A931EAD6BA2}.Release|iPhoneSimulator.Build.0 = Release|Any CPU
		{1BCB0D90-911C-442B-9140-6A931EAD6BA2}.Release|iPhoneSimulator.Deploy.0 = Release|Any CPU
		{DB904C84-1AFA-421B-B0BE-2F30498E6A1F}.Debug|Any CPU.ActiveCfg = Debug|iPhone
		{DB904C84-1AFA-421B-B0BE-2F30498E6A1F}.Debug|Any CPU.Build.0 = Debug|iPhone
		{DB904C84-1AFA-421B-B0BE-2F30498E6A1F}.Debug|Any CPU.Deploy.0 = Debug|iPhone
		{DB904C84-1AFA-421B-B0BE-2F30498E6A1F}.Debug|iPhone.ActiveCfg = Debug|iPhone
		{DB904C84-1AFA-421B-B0BE-2F30498E6A1F}.Debug|iPhone.Build.0 = Debug|iPhone
		{DB904C84-1AFA-421B-B0BE-2F30498E6A1F}.Debug|iPhone.Deploy.0 = Debug|iPhone
		{DB904C84-1AFA-421B-B0BE-2F30498E6A1F}.Debug|iPhoneSimulator.ActiveCfg = Debug|iPhoneSimulator
		{DB904C84-1AFA-421B-B0BE-2F30498E6A1F}.Debug|iPhoneSimulator.Build.0 = Debug|iPhoneSimulator
		{DB904C84-1AFA-421B-B0BE-2F30498E6A1F}.Debug|iPhoneSimulator.Deploy.0 = Debug|iPhoneSimulator
		{DB904C84-1AFA-421B-B0BE-2F30498E6A1F}.Release|Any CPU.ActiveCfg = Release|iPhoneSimulator
		{DB904C84-1AFA-421B-B0BE-2F30498E6A1F}.Release|Any CPU.Build.0 = Release|iPhoneSimulator
		{DB904C84-1AFA-421B-B0BE-2F30498E6A1F}.Release|Any CPU.Deploy.0 = Release|iPhoneSimulator
		{DB904C84-1AFA-421B-B0BE-2F30498E6A1F}.Release|iPhone.ActiveCfg = Release|iPhone
		{DB904C84-1AFA-421B-B0BE-2F30498E6A1F}.Release|iPhone.Build.0 = Release|iPhone
		{DB904C84-1AFA-421B-B0BE-2F30498E6A1F}.Release|iPhone.Deploy.0 = Release|iPhone
		{DB904C84-1AFA-421B-B0BE-2F30498E6A1F}.Release|iPhoneSimulator.ActiveCfg = Release|iPhoneSimulator
		{DB904C84-1AFA-421B-B0BE-2F30498E6A1F}.Release|iPhoneSimulator.Build.0 = Release|iPhoneSimulator
		{DB904C84-1AFA-421B-B0BE-2F30498E6A1F}.Release|iPhoneSimulator.Deploy.0 = Release|iPhoneSimulator
		{83E806ED-912E-416C-B687-03D88B02A72E}.Debug|Any CPU.ActiveCfg = Debug|Any CPU
		{83E806ED-912E-416C-B687-03D88B02A72E}.Debug|Any CPU.Build.0 = Debug|Any CPU
		{83E806ED-912E-416C-B687-03D88B02A72E}.Debug|Any CPU.Deploy.0 = Debug|Any CPU
		{83E806ED-912E-416C-B687-03D88B02A72E}.Debug|iPhone.ActiveCfg = Debug|Any CPU
		{83E806ED-912E-416C-B687-03D88B02A72E}.Debug|iPhone.Build.0 = Debug|Any CPU
		{83E806ED-912E-416C-B687-03D88B02A72E}.Debug|iPhone.Deploy.0 = Debug|Any CPU
		{83E806ED-912E-416C-B687-03D88B02A72E}.Debug|iPhoneSimulator.ActiveCfg = Debug|Any CPU
		{83E806ED-912E-416C-B687-03D88B02A72E}.Debug|iPhoneSimulator.Build.0 = Debug|Any CPU
		{83E806ED-912E-416C-B687-03D88B02A72E}.Debug|iPhoneSimulator.Deploy.0 = Debug|Any CPU
		{83E806ED-912E-416C-B687-03D88B02A72E}.Release|Any CPU.ActiveCfg = Release|Any CPU
		{83E806ED-912E-416C-B687-03D88B02A72E}.Release|Any CPU.Build.0 = Release|Any CPU
		{83E806ED-912E-416C-B687-03D88B02A72E}.Release|Any CPU.Deploy.0 = Release|Any CPU
		{83E806ED-912E-416C-B687-03D88B02A72E}.Release|iPhone.ActiveCfg = Release|Any CPU
		{83E806ED-912E-416C-B687-03D88B02A72E}.Release|iPhone.Build.0 = Release|Any CPU
		{83E806ED-912E-416C-B687-03D88B02A72E}.Release|iPhone.Deploy.0 = Release|Any CPU
		{83E806ED-912E-416C-B687-03D88B02A72E}.Release|iPhoneSimulator.ActiveCfg = Release|Any CPU
		{83E806ED-912E-416C-B687-03D88B02A72E}.Release|iPhoneSimulator.Build.0 = Release|Any CPU
		{83E806ED-912E-416C-B687-03D88B02A72E}.Release|iPhoneSimulator.Deploy.0 = Release|Any CPU
	EndGlobalSection
	GlobalSection(SolutionProperties) = preSolution
		HideSolutionNode = FALSE
	EndGlobalSection
	GlobalSection(ExtensibilityGlobals) = postSolution
		SolutionGuid = {1E32B181-18C5-4E75-8762-52D1F5106E8C}
	EndGlobalSection
EndGlobal
